github.com/aws/aws-sdk-go-v2 v1.36.3 h1:mJoei2CxPutQVxaATCzDUjcZEjVRdpsiiXi2o38yqWM=
github.com/aws/aws-sdk-go-v2 v1.36.3/go.mod h1:LLXuLpgzEbD766Z5ECcRmi8AzSwfZItDtmABVkRLGzg=
github.com/aws/aws-sdk-go-v2/aws/protocol/eventstream v1.6.10 h1:zAybnyUQXIZ5mok5Jqwlf58/TFE7uvd3IAsa1aF9cXs=
github.com/aws/aws-sdk-go-v2/aws/protocol/eventstream v1.6.10/go.mod h1:qqvMj6gHLR/EXWZw4ZbqlPbQUyenf4h82UQUlKc+l14=
github.com/aws/aws-sdk-go-v2/internal/configsources v1.3.34 h1:ZK5jHhnrioRkUNOc+hOgQKlUL5JeC3S6JgLxtQ+Rm0Q=
github.com/aws/aws-sdk-go-v2/internal/configsources v1.3.34/go.mod h1:p4VfIceZokChbA9FzMbRGz5OV+lekcVtHlPKEO0gSZY=
github.com/aws/aws-sdk-go-v2/internal/endpoints/v2 v2.6.34 h1:SZwFm17ZUNNg5Np0ioo/gq8Mn6u9w19Mri8DnJ15Jf0=
github.com/aws/aws-sdk-go-v2/internal/endpoints/v2 v2.6.34/go.mod h1:dFZsC0BLo346mvKQLWmoJxT+Sjp+qcVR1tRVHQGOH9Q=
github.com/aws/aws-sdk-go-v2/internal/v4a v1.3.34 h1:ZNTqv4nIdE/DiBfUUfXcLZ/Spcuz+RjeziUtNJackkM=
github.com/aws/aws-sdk-go-v2/internal/v4a v1.3.34/go.mod h1:zf7Vcd1ViW7cPqYWEHLHJkS50X0JS2IKz9Cgaj6ugrs=
github.com/aws/aws-sdk-go-v2/service/internal/accept-encoding v1.12.3 h1:eAh2A4b5IzM/lum78bZ590jy36+d/aFLgKF/4Vd1xPE=
github.com/aws/aws-sdk-go-v2/service/internal/accept-encoding v1.12.3/go.mod h1:0yKJC/kb8sAnmlYa6Zs3QVYqaC8ug2AbnNChv5Ox3uA=
github.com/aws/aws-sdk-go-v2/service/internal/checksum v1.7.0 h1:lguz0bmOoGzozP9XfRJR1QIayEYo+2vP/No3OfLF0pU=
github.com/aws/aws-sdk-go-v2/service/internal/checksum v1.7.0/go.mod h1:iu6FSzgt+M2/x3Dk8zhycdIcHjEFb36IS8HVUVFoMg0=
github.com/aws/aws-sdk-go-v2/service/internal/presigned-url v1.12.15 h1:dM9/92u2F1JbDaGooxTq18wmmFzbJRfXfVfy96/1CXM=
github.com/aws/aws-sdk-go-v2/service/internal/presigned-url v1.12.15/go.mod h1:SwFBy2vjtA0vZbjjaFtfN045boopadnoVPhu4Fv66vY=
github.com/aws/aws-sdk-go-v2/service/internal/s3shared v1.18.15 h1:moLQUoVq91LiqT1nbvzDukyqAlCv89ZmwaHw/ZFlFZg=
github.com/aws/aws-sdk-go-v2/service/internal/s3shared v1.18.15/go.mod h1:ZH34PJUc8ApjBIfgQCFvkWcUDBtl/WTD+uiYHjd8igA=
github.com/aws/aws-sdk-go-v2/service/s3 v1.79.2 h1:tWUG+4wZqdMl/znThEk9tcCy8tTMxq8dW0JTgamohrY=
github.com/aws/aws-sdk-go-v2/service/s3 v1.79.2/go.mod h1:U5SNqwhXB3Xe6F47kXvWihPl/ilGaEDe8HD/50Z9wxc=
github.com/aws/smithy-go v1.22.2 h1:6D9hW43xKFrRx/tXXfAlIZc4JI+yQe6snnWcQyxSyLQ=
github.com/aws/smithy-go v1.22.2/go.mod h1:irrKGvNn1InZwb2d7fkIRNucdfwR8R+Ts3wxYa/cJHg=
github.com/davecgh/go-spew v1.1.0/go.mod h1:J7Y8YcW2NihsgmVo/mv3lAwl/skON4iLHjSsI+c5H38=
github.com/davecgh/go-spew v1.1.1 h1:vj9j/u1bqnvCEfJOwUhtlOARqs3+rkHYY13jYWTU97c=
github.com/davecgh/go-spew v1.1.1/go.mod h1:J7Y8YcW2NihsgmVo/mv3lAwl/skON4iLHjSsI+c5H38=
github.com/elastic/elastic-transport-go/v8 v8.6.1 h1:h2jQRqH6eLGiBSN4eZbQnJLtL4bC5b4lfVFRjw2R4e4=
github.com/elastic/elastic-transport-go/v8 v8.6.1/go.mod h1:YLHer5cj0csTzNFXoNQ8qhtGY1GTvSqPnKWKaqQE3Hk=
github.com/elastic/go-elasticsearch/v8 v8.17.1 h1:bOXChDoCMB4TIwwGqKd031U8OXssmWLT3UrAr9EGs3Q=
github.com/elastic/go-elasticsearch/v8 v8.17.1/go.mod h1:MVJCtL+gJJ7x5jFeUmA20O7rvipX8GcQmo5iBcmaJn4=
github.com/gabriel-vasile/mimetype v1.4.8 h1:FfZ3gj38NjllZIeJAmMhr+qKL8Wu+nOoI3GqacKw1NM=
github.com/gabriel-vasile/mimetype v1.4.8/go.mod h1:ByKUIKGjh1ODkGM1asKUbQZOLGrPjydw3hYPU2YU9t8=
github.com/go-logr/logr v1.2.2/go.mod h1:jdQByPbusPIv2/zmleS9BjJVeZ6kBagPoEUsqbVz/1A=
github.com/go-logr/logr v1.4.2 h1:6pFjapn8bFcIbiKo3XT4j/BhANplGihG6tvd+8rYgrY=
github.com/go-logr/logr v1.4.2/go.mod h1:9T104GzyrTigFIr8wt5mBrctHMim0Nb2HLGrmQ40KvY=
github.com/go-logr/stdr v1.2.2 h1:hSWxHoqTgW2S2qGc0LTAI563KZ5YKYRhT3MFKZMbjag=
github.com/go-logr/stdr v1.2.2/go.mod h1:mMo/vtBO5dYbehREoey6XUKy/eSumjCCveDpRre4VKE=
github.com/google/go-cmp v0.6.0 h1:ofyhxvXcZhMsU5ulbFiLKl/XBFqE1GSq7atu8tAmTRI=
github.com/google/go-cmp v0.6.0/go.mod h1:17dUlkBOakJ0+DkrSSNjCkIjxS6bF9zb3elmeNGIjoY=
github.com/kr/pretty v0.1.0 h1:L/CwN0zerZDmRFUapSPitk6f+Q3+0za1rQkzVuMiMFI=
github.com/kr/pretty v0.1.0/go.mod h1:dAy3ld7l9f0ibDNOQOHHMYYIIbhfbHSm3C4ZsoJORNo=
github.com/kr/text v0.2.0 h1:5Nx0Ya0ZqY2ygV366QzturHI13Jq95ApcVaJBhpS+AY=
github.com/kr/text v0.2.0/go.mod h1:eLer722TekiGuMkidMxC/pM04lWEeraHUUmBw8l2grE=
github.com/pmezard/go-difflib v1.0.0 h1:4DBwDE0NGyQoBHbLQYPwSUPoCMWR5BEzIk/f1lZbAQM=
github.com/pmezard/go-difflib v1.0.0/go.mod h1:iKH77koFhYxTK1pcRnkKkqfTogsbg7gZNVY4sRDYZ/4=
github.com/richardlehane/msoleps v1.0.3 h1:aznSZzrwYRl3rLKRT3gUk9am7T/mLNSnJINvN0AQoVM=
github.com/richardlehane/msoleps v1.0.3/go.mod h1:BWev5JBpU9Ko2WAgmZEuiz4/u3ZYTKbjLycmwiWUfWg=
github.com/sirupsen/logrus v1.9.3 h1:dueUQJ1C2q9oE3F7wvmSGAaVtTmUizReu6fjN8uqzbQ=
github.com/sirupsen/logrus v1.9.3/go.mod h1:naHLuLoDiP4jHNo9R0sCBMtWGeIprob74mVsIT4qYEQ=
github.com/stretchr/objx v0.1.0/go.mod h1:HFkY916IF+rwdDfMAkV7OtwuqBVzrE8GR6GFx+wExME=
github.com/stretchr/testify v1.7.0/go.mod h1:6Fq8oRcR53rry900zMqJjRRixrwX3KX962/h/Wwjteg=
github.com/stretchr/testify v1.10.0 h1:Xv5erBjTwe/5IxqUQTdXv5kgmIvbHo3QQyRwhJsOfJA=
github.com/stretchr/testify v1.10.0/go.mod h1:r2ic/lqez/lEtzL7wO/rwa5dbSLXVDPFyf8C91i36aY=
github.com/unidoc/freetype v0.2.3 h1:uPqW+AY0vXN6K2tvtg8dMAtHTEvvHTN52b72XpZU+3I=
github.com/unidoc/freetype v0.2.3/go.mod h1:mJ/Q7JnqEoWtajJVrV6S1InbRv0K/fJerPB5SQs32KI=
github.com/unidoc/pkcs7 v0.0.0-20200411230602-d883fd70d1df/go.mod h1:UEzOZUEpJfDpywVJMUT8QiugqEZC29pDq7kdIZhWCr8=
github.com/unidoc/pkcs7 v0.2.0 h1:0Y0RJR5Zu7OuD+/l7bODXARn6b8Ev2G4A8lI4rzy9kg=
github.com/unidoc/pkcs7 v0.2.0/go.mod h1:UEzOZUEpJfDpywVJMUT8QiugqEZC29pDq7kdIZhWCr8=
github.com/unidoc/timestamp v0.0.0-20200412005513-91597fd3793a h1:RLtvUhe4DsUDl66m7MJ8OqBjq8jpWBXPK6/RKtqeTkc=
github.com/unidoc/timestamp v0.0.0-20200412005513-91597fd3793a/go.mod h1:j+qMWZVpZFTvDey3zxUkSgPJZEX33tDgU/QIA0IzCUw=
github.com/unidoc/unioffice v1.39.0 h1:Wo5zvrzCqhyK/1Zi5dg8a5F5+NRftIMZPnFPYwruLto=
github.com/unidoc/unioffice v1.39.0/go.mod h1:Axz6ltIZZTUUyHoEnPe4Mb3VmsN4TRHT5iZCGZ1rgnU=
github.com/unidoc/unipdf/v3 v3.68.0 h1:AM1wKukv75hvCtTbiPb3HSIdHS5RbmR6aYTCE0jiO+A=
github.com/unidoc/unipdf/v3 v3.68.0/go.mod h1:4mQ4E8niuY+30TGxT1e/8aVoSk/nn0yCKfi+kYw98+I=
github.com/unidoc/unitype v0.5.1 h1:UwTX15K6bktwKocWVvLoijIeu4JAVEAIeFqMOjvxqQs=
github.com/unidoc/unitype v0.5.1/go.mod h1:3dxbRL+f1otNqFQIRHho8fxdg3CcUKrqS8w1SXTsqcI=
go.opentelemetry.io/otel v1.28.0 h1:/SqNcYk+idO0CxKEUOtKQClMK/MimZihKYMruSMViUo=
go.opentelemetry.io/otel v1.28.0/go.mod h1:q68ijF8Fc8CnMHKyzqL6akLO46ePnjkgfIMIjUIX9z4=
go.opentelemetry.io/otel/metric v1.28.0 h1:f0HGvSl1KRAU1DLgLGFjrwVyismPlnuU6JD6bOeuA5Q=
go.opentelemetry.io/otel/metric v1.28.0/go.mod h1:Fb1eVBFZmLVTMb6PPohq3TO9IIhUisDsbJoL/+uQW4s=
go.opentelemetry.io/otel/sdk v1.21.0 h1:FTt8qirL1EysG6sTQRZ5TokkU8d0ugCj8htOgThZXQ8=
go.opentelemetry.io/otel/sdk v1.21.0/go.mod h1:Nna6Yv7PWTdgJHVRD9hIYywQBRx7pbox6nwBnZIxl/E=
go.opentelemetry.io/otel/trace v1.28.0 h1:GhQ9cUuQGmNDd5BTCP2dAvv75RdMxEfTmYejp+lkx9g=
go.opentelemetry.io/otel/trace v1.28.0/go.mod h1:jPyXzNPg6da9+38HEwElrQiHlVMTnVfM3/yv2OlIHaI=
golang.org/x/crypto v0.33.0 h1:IOBPskki6Lysi0lo9qQvbxiQ+FvsCC/YWOecCHAixus=
golang.org/x/crypto v0.33.0/go.mod h1:bVdXmD7IV/4GdElGPozy6U7lWdRXA4qyRVGJV57uQ5M=
golang.org/x/image v0.0.0-20211028202545-6944b10bf410/go.mod h1:023OzeP/+EPmXeapQh35lcL3II3LrY8Ic+EFFKVhULM=
golang.org/x/image v0.24.0 h1:AN7zRgVsbvmTfNyqIbbOraYL8mSwcKncEj8ofjgzcMQ=
golang.org/x/image v0.24.0/go.mod h1:4b/ITuLfqYq1hqZcjofwctIhi7sZh2WaCjvsBNjjya8=
golang.org/x/net v0.35.0 h1:T5GQRQb2y08kTAByq9L4/bz8cipCdA8FbRTXewonqY8=
golang.org/x/net v0.35.0/go.mod h1:EglIi67kWsHKlRzzVMUD93VMSWGFOMSZgxFjparz1Qk=
golang.org/x/sys v0.0.0-20220715151400-c0bba94af5f8/go.mod h1:oPkhp1MJrh7nUepCBck5+mAzfO9JrbApNNgaTdGDITg=
golang.org/x/sys v0.30.0 h1:QjkSwP/36a20jFYWkSue1YwXzLmsV5Gfq7Eiy72C1uc=
golang.org/x/sys v0.30.0/go.mod h1:/VUhepiaJMQUp4+oa/7Zr1D23ma6VTLIYjOOTFZPUcA=
golang.org/x/text v0.3.6/go.mod h1:5Zoc/QRtKVWzQhOtBMvqHzDpF6irO9z98xDceosuGiQ=
golang.org/x/text v0.22.0 h1:bofq7m3/HAFvbF51jz3Q9wLg3jkvSPuiZu/pD1XwgtM=
golang.org/x/text v0.22.0/go.mod h1:YRoo4H8PVmsu+E3Ou7cqLVH8oXWIHVoX0jqUWALQhfY=
golang.org/x/tools v0.0.0-20180917221912-90fa682c2a6e/go.mod h1:n7NCudcB/nEzxVGmLbDWY5pfWTLqBcC2KZ6jyYvM4mQ=
golang.org/x/xerrors v0.0.0-20240903120638-7835f813f4da h1:noIWHXmPHxILtqtCOPIhSt0ABwskkZKjD3bXGnZGpNY=
golang.org/x/xerrors v0.0.0-20240903120638-7835f813f4da/go.mod h1:NDW/Ps6MPRej6fsCIbMTohpP40sJ/P/vI1MoTEGwX90=
gopkg.in/check.v1 v0.0.0-20161208181325-20d25e280405/go.mod h1:Co6ibVJAznAaIkqp8huTwlJQCZ016jof/cbN4VW5Yz0=
gopkg.in/check.v1 v1.0.0-20180628173108-788fd7840127 h1:qIbj1fsPNlZgppZ+VLlY7N33q108Sa+fhmuc+sWQYwY=
gopkg.in/check.v1 v1.0.0-20180628173108-788fd7840127/go.mod h1:Co6ibVJAznAaIkqp8huTwlJQCZ016jof/cbN4VW5Yz0=
gopkg.in/yaml.v3 v3.0.0-20200313102051-9f266ea9e77c/go.mod h1:K4uyk7z7BCEPqu6E+C64Yfv1cQ7kz7rIZviUmN+EgEM=
gopkg.in/yaml.v3 v3.0.1 h1:fxVm/GzAzEWqLHuvctI91KS9hhNmmWOoWu0XTYJS7CA=
gopkg.in/yaml.v3 v3.0.1/go.mod h1:K4uyk7z7BCEPqu6E+C64Yfv1cQ7kz7rIZviUmN+EgEM=
