dependencies:
- name: storage-app
  repository: file://charts/storage-app
  version: 1.0.0
- name: redis
  repository: https://charts.bitnami.com/bitnami
  version: 20.11.3
- name: kafka
  repository: https://charts.bitnami.com/bitnami
  version: 31.5.0
digest: sha256:d0930251141c6d3a98474b60958d1ebde87ed99614ba8532524519de30a0164d
generated: "2025-03-21T21:27:33.721295+07:00"
